Microsoft Visual Studio Solution File, Format Version 8.00
Project("{FAE04EC0-301F-11D3-BF4B-00C04F79EFBC}") = "ClassDiagram_Pomodoro", "ClassDiagram_Pomodoro.csproj", "{FA60E261-4FEF-49DE-BFFA-72E5A8F3EA69}"
EndProject
Global
	GlobalSection(SolutionConfiguration) = preSolution
		ConfigName.0 = Debug
		ConfigName.1 = Release
	EndGlobalSection
	GlobalSection(ProjectDependencies) = postSolution
	EndGlobalSection
	GlobalSection(ProjectConfiguration) = postSolution
		{FA60E261-4FEF-49DE-BFFA-72E5A8F3EA69}.Debug.ActiveCfg = Debug|.NET
		{FA60E261-4FEF-49DE-BFFA-72E5A8F3EA69}.Debug.Build.0 = Debug|.NET
		{FA60E261-4FEF-49DE-BFFA-72E5A8F3EA69}.Release.ActiveCfg = Release|.NET
		{FA60E261-4FEF-49DE-BFFA-72E5A8F3EA69}.Release.Build.0 = Release|.NET
	EndGlobalSection
	GlobalSection(ExtensibilityGlobals) = postSolution
	EndGlobalSection
	GlobalSection(ExtensibilityAddIns) = postSolution
	EndGlobalSection
EndGlobal